
Microsoft Visual Studio Solution File, Format Version 12.00
# Visual Studio Version 17
VisualStudioVersion = 17.5.002.0
MinimumVisualStudioVersion = 10.0.40219.1
Project("{9A19103F-16F7-4668-BE54-9A1E7A4F7556}") = "bank-sync", "bank-sync.csproj", "{CF2A8B76-ED7A-44F9-B417-4487EA5B529D}"
EndProject
Global
	GlobalSection(SolutionConfigurationPlatforms) = preSolution
		Debug|Any CPU = Debug|Any CPU
		Release|Any CPU = Release|Any CPU
	EndGlobalSection
	GlobalSection(ProjectConfigurationPlatforms) = postSolution
		{CF2A8B76-ED7A-44F9-B417-4487EA5B529D}.Debug|Any CPU.ActiveCfg = Debug|Any CPU
		{CF2A8B76-ED7A-44F9-B417-4487EA5B529D}.Debug|Any CPU.Build.0 = Debug|Any CPU
		{CF2A8B76-ED7A-44F9-B417-4487EA5B529D}.Release|Any CPU.ActiveCfg = Release|Any CPU
		{CF2A8B76-ED7A-44F9-B417-4487EA5B529D}.Release|Any CPU.Build.0 = Release|Any CPU
	EndGlobalSection
	GlobalSection(SolutionProperties) = preSolution
		HideSolutionNode = FALSE
	EndGlobalSection
	GlobalSection(ExtensibilityGlobals) = postSolution
		SolutionGuid = {8122AC0F-FD1E-484C-B63C-B7CEE0EA08BB}
	EndGlobalSection
EndGlobal
